
Microsoft Visual Studio Solution File, Format Version 12.00
# Visual Studio 15
VisualStudioVersion = 15.0.27004.2002
MinimumVisualStudioVersion = 10.0.40219.1
Project("{FAE04EC0-301F-11D3-BF4B-00C04F79EFBC}") = "CodeWars2", "CodeWars2\CodeWars2.csproj", "{38E0BD37-5914-493B-B288-A40361F79034}"
EndProject
Global
	GlobalSection(SolutionConfigurationPlatforms) = preSolution
		Debug|Any CPU = Debug|Any CPU
		Release|Any CPU = Release|Any CPU
	EndGlobalSection
	GlobalSection(ProjectConfigurationPlatforms) = postSolution
		{38E0BD37-5914-493B-B288-A40361F79034}.Debug|Any CPU.ActiveCfg = Debug|Any CPU
		{38E0BD37-5914-493B-B288-A40361F79034}.Debug|Any CPU.Build.0 = Debug|Any CPU
		{38E0BD37-5914-493B-B288-A40361F79034}.Release|Any CPU.ActiveCfg = Release|Any CPU
		{38E0BD37-5914-493B-B288-A40361F79034}.Release|Any CPU.Build.0 = Release|Any CPU
	EndGlobalSection
	GlobalSection(SolutionProperties) = preSolution
		HideSolutionNode = FALSE
	EndGlobalSection
	GlobalSection(ExtensibilityGlobals) = postSolution
		SolutionGuid = {C23DC5DB-E6A6-4A4C-9D46-C8FC903B10CB}
	EndGlobalSection
EndGlobal
